<?xml version="1.0" encoding="utf-8"?>
<Project ToolsVersion="4.0" xmlns="http://schemas.microsoft.com/developer/msbuild/2003">
  <ItemGroup>
    <Filter Include="Source Files">
      <UniqueIdentifier>{4FC737F1-C7A5-4376-A066-2A32D752A2FF}</UniqueIdentifier>
      <Extensions>cpp;c;cc;cxx;def;odl;idl;hpj;bat;asm;asmx</Extensions>
    </Filter>
    <Filter Include="Header Files">
      <UniqueIdentifier>{93995380-89BD-4b04-88EB-625FBE52EBFB}</UniqueIdentifier>
      <Extensions>h;hpp;hxx;hm;inl;inc;xsd</Extensions>
    </Filter>
    <Filter Include="Resource Files">
      <UniqueIdentifier>{3dfc235d-c130-4ebc-9729-b0c1043db246}</UniqueIdentifier>
    </Filter>
  </ItemGroup>
  <ItemGroup>
    <ClCompile Include="EventHandler.cpp">
      <Filter>Source Files</Filter>
    </ClCompile>
    <ClCompile Include="GMSExternalLogger.cpp">
      <Filter>Source Files</Filter>
    </ClCompile>
    <ClCompile Include="WindowsEventLog.cpp">
      <Filter>Source Files</Filter>
    </ClCompile>
    <ClCompile Include="GmsSubService.cpp">
      <Filter>Source Files</Filter>
    </ClCompile>
    <ClCompile Include="RegistryGenerator.cpp">
      <Filter>Source Files</Filter>
    </ClCompile>
    <ClCompile Include="GmsService.cpp">
      <Filter>Source Files</Filter>
    </ClCompile>
    <ClCompile Include="VerifyFile.cpp">
      <Filter>Source Files</Filter>
    </ClCompile>
    <ClCompile Include="DataStorageWrapper.cpp">
      <Filter>Source Files</Filter>
    </ClCompile>
    <ClCompile Include="Is64BitOs.cpp">
      <Filter>Source Files</Filter>
    </ClCompile>
    <ClCompile Include="RegistryStorage.cpp">
      <Filter>Source Files</Filter>
    </ClCompile>
    <ClCompile Include="StringManager.cpp">
      <Filter>Source Files</Filter>
    </ClCompile>
    <ClCompile Include="Tools.cpp">
      <Filter>Source Files</Filter>
    </ClCompile>
    <ClCompile Include="UNSRegistry.cpp">
      <Filter>Source Files</Filter>
    </ClCompile>
    <ClCompile Include="WindowsRegistryStorage.cpp">
      <Filter>Source Files</Filter>
    </ClCompile>
    <ClCompile Include="WindowsStringLoader.cpp">
      <Filter>Source Files</Filter>
    </ClCompile>
    <ClCompile Include="FuncEntryExit.cpp">
      <Filter>Source Files</Filter>
    </ClCompile>
  </ItemGroup>
  <ItemGroup>
    <ClInclude Include="EventHandler.h">
      <Filter>Header Files</Filter>
    </ClInclude>
    <ClInclude Include="EventManagment.h">
      <Filter>Header Files</Filter>
    </ClInclude>
    <ClInclude Include="global.h">
      <Filter>Header Files</Filter>
    </ClInclude>
    <ClInclude Include="MessageBlockPtr.h">
      <Filter>Header Files</Filter>
    </ClInclude>
    <ClInclude Include="servicesNames.h">
      <Filter>Header Files</Filter>
    </ClInclude>
    <ClInclude Include="UNSEventsDefinition.h">
      <Filter>Header Files</Filter>
    </ClInclude>
    <ClInclude Include="IServicesManager.h">
      <Filter>Header Files</Filter>
    </ClInclude>
    <ClInclude Include="GMSExternalLogger.h">
      <Filter>Header Files</Filter>
    </ClInclude>
    <ClInclude Include="WindowsEventLog.h">
      <Filter>Header Files</Filter>
    </ClInclude>
    <ClInclude Include="resource.h">
      <Filter>Header Files</Filter>
    </ClInclude>
    <ClInclude Include="GmsSubService.h">
      <Filter>Header Files</Filter>
    </ClInclude>
    <ClInclude Include="DataStorageGenerator.h">
      <Filter>Header Files</Filter>
    </ClInclude>
    <ClInclude Include="GMSCommonDllExport.h">
      <Filter>Header Files</Filter>
    </ClInclude>
    <ClInclude Include="BaseEventLog.h">
      <Filter>Header Files</Filter>
    </ClInclude>
    <ClInclude Include="ACEInitializer.h">
      <Filter>Header Files</Filter>
    </ClInclude>
    <ClInclude Include="GmsService.h">
      <Filter>Header Files</Filter>
    </ClInclude>
    <ClInclude Include="VerifyFile.h">
      <Filter>Header Files</Filter>
    </ClInclude>
    <ClInclude Include="DataStorageWrapper.h">
      <Filter>Header Files</Filter>
    </ClInclude>
    <ClInclude Include="FuncEntryExit.h">
      <Filter>Header Files</Filter>
    </ClInclude>
    <ClInclude Include="Is64BitOs.h">
      <Filter>Header Files</Filter>
    </ClInclude>
    <ClInclude Include="RegistryCache.h">
      <Filter>Header Files</Filter>
    </ClInclude>
    <ClInclude Include="RegistryStorage.h">
      <Filter>Header Files</Filter>
    </ClInclude>
    <ClInclude Include="StringManager.h">
      <Filter>Header Files</Filter>
    </ClInclude>
    <ClInclude Include="StringsDefinitions.h">
      <Filter>Header Files</Filter>
    </ClInclude>
    <ClInclude Include="Tools.h">
      <Filter>Header Files</Filter>
    </ClInclude>
    <ClInclude Include="UNSRegistry.h">
      <Filter>Header Files</Filter>
    </ClInclude>
    <ClInclude Include="WindowsStringLoader.h">
      <Filter>Header Files</Filter>
    </ClInclude>
  </ItemGroup>
  <ItemGroup>
    <ResourceCompile Include="GmsCommon.rc">
      <Filter>Resource Files</Filter>
    </ResourceCompile>
  </ItemGroup>
</Project>